Microsoft Visual Studio Solution File, Format Version 11.00
# Visual Studio 2008

Project("{39C422D5-C780-A358-B6DB-A3E29D3643D4}") = "Design Tool", "Assembly-CSharp.csproj", "{8A1FA4CE-1CEA-DBA9-5740-A6F6D6D09754}"
EndProject
Global
	GlobalSection(SolutionConfigurationPlatforms) = preSolution
		Debug|Any CPU = Debug|Any CPU
		Release|Any CPU = Release|Any CPU
	EndGlobalSection
	GlobalSection(ProjectConfigurationPlatforms) = postSolution
		{8A1FA4CE-1CEA-DBA9-5740-A6F6D6D09754}.Debug|Any CPU.ActiveCfg = Debug|Any CPU
		{8A1FA4CE-1CEA-DBA9-5740-A6F6D6D09754}.Debug|Any CPU.Build.0 = Debug|Any CPU
		{8A1FA4CE-1CEA-DBA9-5740-A6F6D6D09754}.Release|Any CPU.ActiveCfg = Release|Any CPU
		{8A1FA4CE-1CEA-DBA9-5740-A6F6D6D09754}.Release|Any CPU.Build.0 = Release|Any CPU
	EndGlobalSection
	GlobalSection(SolutionProperties) = preSolution
		HideSolutionNode = FALSE
	EndGlobalSection
	GlobalSection(MonoDevelopProperties) = preSolution
		StartupItem = Assembly-CSharp.csproj
	EndGlobalSection
EndGlobal
