
Microsoft Visual Studio Solution File, Format Version 12.00
# Visual Studio 2015
Project("{FAE04EC0-301F-11D3-BF4B-00C04F79EFBC}") = "AssetBundle test.CSharp", "AssetBundle test.CSharp.csproj", "{D8E637BA-B9E9-62A8-43E4-478050FDFC9B}"
EndProject
Project("{FAE04EC0-301F-11D3-BF4B-00C04F79EFBC}") = "AssetBundle test.CSharp.Editor", "AssetBundle test.CSharp.Editor.csproj", "{C588EBCB-DCD1-FD0C-2282-579093AF3B41}"
EndProject
Global
	GlobalSection(SolutionConfigurationPlatforms) = preSolution
		Debug|Any CPU = Debug|Any CPU
		Release|Any CPU = Release|Any CPU
	EndGlobalSection
	GlobalSection(ProjectConfigurationPlatforms) = postSolution
		{D8E637BA-B9E9-62A8-43E4-478050FDFC9B}.Debug|Any CPU.ActiveCfg = Debug|Any CPU
		{D8E637BA-B9E9-62A8-43E4-478050FDFC9B}.Debug|Any CPU.Build.0 = Debug|Any CPU
		{D8E637BA-B9E9-62A8-43E4-478050FDFC9B}.Release|Any CPU.ActiveCfg = Release|Any CPU
		{D8E637BA-B9E9-62A8-43E4-478050FDFC9B}.Release|Any CPU.Build.0 = Release|Any CPU
		{C588EBCB-DCD1-FD0C-2282-579093AF3B41}.Debug|Any CPU.ActiveCfg = Debug|Any CPU
		{C588EBCB-DCD1-FD0C-2282-579093AF3B41}.Debug|Any CPU.Build.0 = Debug|Any CPU
		{C588EBCB-DCD1-FD0C-2282-579093AF3B41}.Release|Any CPU.ActiveCfg = Release|Any CPU
		{C588EBCB-DCD1-FD0C-2282-579093AF3B41}.Release|Any CPU.Build.0 = Release|Any CPU
	EndGlobalSection
	GlobalSection(SolutionProperties) = preSolution
		HideSolutionNode = FALSE
	EndGlobalSection
EndGlobal
